
Microsoft Visual Studio Solution File, Format Version 12.00
# Visual Studio 15
VisualStudioVersion = 15.0.28307.960
MinimumVisualStudioVersion = 10.0.40219.1
Project("{FAE04EC0-301F-11D3-BF4B-00C04F79EFBC}") = "ForVyeshal - Monogame", "ForVyeshal - Monogame\ForVyeshal - Monogame.csproj", "{52C26519-9DC1-4287-8EC5-D7E74FEB3B9A}"
EndProject
Global
	GlobalSection(SolutionConfigurationPlatforms) = preSolution
		Debug|x86 = Debug|x86
		Release|x86 = Release|x86
	EndGlobalSection
	GlobalSection(ProjectConfigurationPlatforms) = postSolution
		{52C26519-9DC1-4287-8EC5-D7E74FEB3B9A}.Debug|x86.ActiveCfg = Debug|x86
		{52C26519-9DC1-4287-8EC5-D7E74FEB3B9A}.Debug|x86.Build.0 = Debug|x86
		{52C26519-9DC1-4287-8EC5-D7E74FEB3B9A}.Release|x86.ActiveCfg = Release|x86
		{52C26519-9DC1-4287-8EC5-D7E74FEB3B9A}.Release|x86.Build.0 = Release|x86
	EndGlobalSection
	GlobalSection(SolutionProperties) = preSolution
		HideSolutionNode = FALSE
	EndGlobalSection
	GlobalSection(ExtensibilityGlobals) = postSolution
		SolutionGuid = {02B66B25-DBBA-4BDA-8BA5-4B28C2C0A420}
	EndGlobalSection
EndGlobal
